# This file is automatically @generated by Cargo.
# It is not intended for manual editing.
version = 4

[[package]]
name = "gift_shop"
version = "0.1.0"

[[package]]
name = "gift_shop_twice"
version = "0.1.0"

[[package]]
name = "joltage"
version = "0.1.0"

[[package]]
name = "lobby"
version = "0.1.0"

[[package]]
name = "method_0x434C49434B"
version = "0.1.0"

[[package]]
name = "password_puzzle"
version = "0.1.0"
